
Microsoft Visual Studio Solution File, Format Version 12.00
# Visual Studio Version 17
VisualStudioVersion = 17.5.002.0
MinimumVisualStudioVersion = 10.0.40219.1
Project("{9A19103F-16F7-4668-BE54-9A1E7A4F7556}") = "ToDoList", "ToDoList\ToDoList.csproj", "{D9428E4E-C503-4DBE-AF2C-949A91352019}"
EndProject
Global
	GlobalSection(SolutionConfigurationPlatforms) = preSolution
		Debug|Any CPU = Debug|Any CPU
		Release|Any CPU = Release|Any CPU
	EndGlobalSection
	GlobalSection(ProjectConfigurationPlatforms) = postSolution
		{D9428E4E-C503-4DBE-AF2C-949A91352019}.Debug|Any CPU.ActiveCfg = Debug|Any CPU
		{D9428E4E-C503-4DBE-AF2C-949A91352019}.Debug|Any CPU.Build.0 = Debug|Any CPU
		{D9428E4E-C503-4DBE-AF2C-949A91352019}.Release|Any CPU.ActiveCfg = Release|Any CPU
		{D9428E4E-C503-4DBE-AF2C-949A91352019}.Release|Any CPU.Build.0 = Release|Any CPU
	EndGlobalSection
	GlobalSection(SolutionProperties) = preSolution
		HideSolutionNode = FALSE
	EndGlobalSection
	GlobalSection(ExtensibilityGlobals) = postSolution
		SolutionGuid = {242133E7-5722-4B5D-98E9-88B1C3A34149}
	EndGlobalSection
EndGlobal
